
Microsoft Visual Studio Solution File, Format Version 12.00
# Visual Studio 15
VisualStudioVersion = 15.0.27004.2009
MinimumVisualStudioVersion = 10.0.40219.1
Project("{FAE04EC0-301F-11D3-BF4B-00C04F79EFBC}") = "WSauce.Desktop", "WSauce.Desktop\WSauce.Desktop.csproj", "{A51490F6-DF29-461F-9141-3BC8ABA2624D}"
EndProject
Global
	GlobalSection(SolutionConfigurationPlatforms) = preSolution
		Debug|Any CPU = Debug|Any CPU
		Release|Any CPU = Release|Any CPU
	EndGlobalSection
	GlobalSection(ProjectConfigurationPlatforms) = postSolution
		{A51490F6-DF29-461F-9141-3BC8ABA2624D}.Debug|Any CPU.ActiveCfg = Debug|Any CPU
		{A51490F6-DF29-461F-9141-3BC8ABA2624D}.Debug|Any CPU.Build.0 = Debug|Any CPU
		{A51490F6-DF29-461F-9141-3BC8ABA2624D}.Release|Any CPU.ActiveCfg = Release|Any CPU
		{A51490F6-DF29-461F-9141-3BC8ABA2624D}.Release|Any CPU.Build.0 = Release|Any CPU
	EndGlobalSection
	GlobalSection(SolutionProperties) = preSolution
		HideSolutionNode = FALSE
	EndGlobalSection
	GlobalSection(ExtensibilityGlobals) = postSolution
		SolutionGuid = {5E47E9CF-4ABB-4BCD-A471-857F5558E857}
	EndGlobalSection
EndGlobal
